
Microsoft Visual Studio Solution File, Format Version 12.00
# Visual Studio Version 16
VisualStudioVersion = 16.0.29411.108
MinimumVisualStudioVersion = 10.0.40219.1
Project("{FAE04EC0-301F-11D3-BF4B-00C04F79EFBC}") = "webort", "webort\webort.csproj", "{29F76B1F-CAC8-4EE2-8781-3CFA9B01CB4C}"
EndProject
Global
	GlobalSection(SolutionConfigurationPlatforms) = preSolution
		Debug|Any CPU = Debug|Any CPU
		Release|Any CPU = Release|Any CPU
	EndGlobalSection
	GlobalSection(ProjectConfigurationPlatforms) = postSolution
		{29F76B1F-CAC8-4EE2-8781-3CFA9B01CB4C}.Debug|Any CPU.ActiveCfg = Debug|Any CPU
		{29F76B1F-CAC8-4EE2-8781-3CFA9B01CB4C}.Debug|Any CPU.Build.0 = Debug|Any CPU
		{29F76B1F-CAC8-4EE2-8781-3CFA9B01CB4C}.Release|Any CPU.ActiveCfg = Release|Any CPU
		{29F76B1F-CAC8-4EE2-8781-3CFA9B01CB4C}.Release|Any CPU.Build.0 = Release|Any CPU
	EndGlobalSection
	GlobalSection(SolutionProperties) = preSolution
		HideSolutionNode = FALSE
	EndGlobalSection
	GlobalSection(ExtensibilityGlobals) = postSolution
		SolutionGuid = {B7FA6669-AEB2-457D-9389-3AAF4A46D428}
	EndGlobalSection
EndGlobal
